
Microsoft Visual Studio Solution File, Format Version 12.00
Project("{2150E333-8FDC-42A3-9474-1A3956D46DE8}") = "src", "src", "{E062DAD7-45CB-4A8A-B10E-66C4BA01750B}"
EndProject
Project("{2150E333-8FDC-42A3-9474-1A3956D46DE8}") = "test", "test", "{35BF7944-9083-40CA-A155-A9BC3CAB61B5}"
EndProject
Project("{FAE04EC0-301F-11D3-BF4B-00C04F79EFBC}") = "AurumCRM.API", "src\AurumCRM.API\AurumCRM.API.csproj", "{0BFB3C1F-B20C-4EB6-A47F-A2609CAAE4CA}"
EndProject
Project("{FAE04EC0-301F-11D3-BF4B-00C04F79EFBC}") = "AurumCRM.Application", "src\AurumCRM.Application\AurumCRM.Application.csproj", "{F02BA99C-304F-4F91-BBF9-CFB7B72661F6}"
EndProject
Project("{FAE04EC0-301F-11D3-BF4B-00C04F79EFBC}") = "AurumCRM.Domain", "src\AurumCRM.Domain\AurumCRM.Domain.csproj", "{268B8090-DE83-47BE-B7E8-2E555D945BAE}"
EndProject
Project("{FAE04EC0-301F-11D3-BF4B-00C04F79EFBC}") = "AurumCRM.Infrastructure", "src\AurumCRM.Infrastructure\AurumCRM.Infrastructure.csproj", "{24523938-0BD1-49B3-AF83-12320D51E329}"
EndProject
Project("{FAE04EC0-301F-11D3-BF4B-00C04F79EFBC}") = "AurumCRM.Exception", "src\AurumCRM.Exception\AurumCRM.Exception.csproj", "{50BFB306-67B6-4A19-8001-5A82EFB35793}"
EndProject
Project("{FAE04EC0-301F-11D3-BF4B-00C04F79EFBC}") = "AurumCRM.Communication", "src\AurumCRM.Communication\AurumCRM.Communication.csproj", "{598B1F10-06E7-4470-8451-B7CDD84BB906}"
EndProject
Global
	GlobalSection(SolutionConfigurationPlatforms) = preSolution
		Debug|Any CPU = Debug|Any CPU
		Release|Any CPU = Release|Any CPU
	EndGlobalSection
	GlobalSection(NestedProjects) = preSolution
		{0BFB3C1F-B20C-4EB6-A47F-A2609CAAE4CA} = {E062DAD7-45CB-4A8A-B10E-66C4BA01750B}
		{F02BA99C-304F-4F91-BBF9-CFB7B72661F6} = {E062DAD7-45CB-4A8A-B10E-66C4BA01750B}
		{268B8090-DE83-47BE-B7E8-2E555D945BAE} = {E062DAD7-45CB-4A8A-B10E-66C4BA01750B}
		{24523938-0BD1-49B3-AF83-12320D51E329} = {E062DAD7-45CB-4A8A-B10E-66C4BA01750B}
		{50BFB306-67B6-4A19-8001-5A82EFB35793} = {E062DAD7-45CB-4A8A-B10E-66C4BA01750B}
		{598B1F10-06E7-4470-8451-B7CDD84BB906} = {E062DAD7-45CB-4A8A-B10E-66C4BA01750B}
	EndGlobalSection
	GlobalSection(ProjectConfigurationPlatforms) = postSolution
		{0BFB3C1F-B20C-4EB6-A47F-A2609CAAE4CA}.Debug|Any CPU.ActiveCfg = Debug|Any CPU
		{0BFB3C1F-B20C-4EB6-A47F-A2609CAAE4CA}.Debug|Any CPU.Build.0 = Debug|Any CPU
		{0BFB3C1F-B20C-4EB6-A47F-A2609CAAE4CA}.Release|Any CPU.ActiveCfg = Release|Any CPU
		{0BFB3C1F-B20C-4EB6-A47F-A2609CAAE4CA}.Release|Any CPU.Build.0 = Release|Any CPU
		{F02BA99C-304F-4F91-BBF9-CFB7B72661F6}.Debug|Any CPU.ActiveCfg = Debug|Any CPU
		{F02BA99C-304F-4F91-BBF9-CFB7B72661F6}.Debug|Any CPU.Build.0 = Debug|Any CPU
		{F02BA99C-304F-4F91-BBF9-CFB7B72661F6}.Release|Any CPU.ActiveCfg = Release|Any CPU
		{F02BA99C-304F-4F91-BBF9-CFB7B72661F6}.Release|Any CPU.Build.0 = Release|Any CPU
		{268B8090-DE83-47BE-B7E8-2E555D945BAE}.Debug|Any CPU.ActiveCfg = Debug|Any CPU
		{268B8090-DE83-47BE-B7E8-2E555D945BAE}.Debug|Any CPU.Build.0 = Debug|Any CPU
		{268B8090-DE83-47BE-B7E8-2E555D945BAE}.Release|Any CPU.ActiveCfg = Release|Any CPU
		{268B8090-DE83-47BE-B7E8-2E555D945BAE}.Release|Any CPU.Build.0 = Release|Any CPU
		{24523938-0BD1-49B3-AF83-12320D51E329}.Debug|Any CPU.ActiveCfg = Debug|Any CPU
		{24523938-0BD1-49B3-AF83-12320D51E329}.Debug|Any CPU.Build.0 = Debug|Any CPU
		{24523938-0BD1-49B3-AF83-12320D51E329}.Release|Any CPU.ActiveCfg = Release|Any CPU
		{24523938-0BD1-49B3-AF83-12320D51E329}.Release|Any CPU.Build.0 = Release|Any CPU
		{50BFB306-67B6-4A19-8001-5A82EFB35793}.Debug|Any CPU.ActiveCfg = Debug|Any CPU
		{50BFB306-67B6-4A19-8001-5A82EFB35793}.Debug|Any CPU.Build.0 = Debug|Any CPU
		{50BFB306-67B6-4A19-8001-5A82EFB35793}.Release|Any CPU.ActiveCfg = Release|Any CPU
		{50BFB306-67B6-4A19-8001-5A82EFB35793}.Release|Any CPU.Build.0 = Release|Any CPU
		{598B1F10-06E7-4470-8451-B7CDD84BB906}.Debug|Any CPU.ActiveCfg = Debug|Any CPU
		{598B1F10-06E7-4470-8451-B7CDD84BB906}.Debug|Any CPU.Build.0 = Debug|Any CPU
		{598B1F10-06E7-4470-8451-B7CDD84BB906}.Release|Any CPU.ActiveCfg = Release|Any CPU
		{598B1F10-06E7-4470-8451-B7CDD84BB906}.Release|Any CPU.Build.0 = Release|Any CPU
	EndGlobalSection
EndGlobal
